
Microsoft Visual Studio Solution File, Format Version 12.00
# Visual Studio Version 17
VisualStudioVersion = 17.0.31903.59
MinimumVisualStudioVersion = 10.0.40219.1
Project("{FAE04EC0-301F-11D3-BF4B-00C04F79EFBC}") = "Fundo.Applications.WebApi", "Fundo.Applications.WebApi\Fundo.Applications.WebApi.csproj", "{74E9501B-3D70-4E87-8D1D-874F54DBF3F7}"
EndProject
Project("{FAE04EC0-301F-11D3-BF4B-00C04F79EFBC}") = "Fundo.Domain", "Fundo.Domain\Fundo.Domain.csproj", "{5A0AA061-B091-46BC-B349-4EAE82DF0DA1}"
EndProject
Project("{FAE04EC0-301F-11D3-BF4B-00C04F79EFBC}") = "Fundo.Application", "Fundo.Application\Fundo.Application.csproj", "{AF228623-7DBE-4390-A283-EE69C5DFE963}"
EndProject
Project("{FAE04EC0-301F-11D3-BF4B-00C04F79EFBC}") = "Fundo.Infrastructure", "Fundo.Infrastructure\Fundo.Infrastructure.csproj", "{06B8FECA-CAB7-46B4-8D00-44DAF0F095B3}"
EndProject
Project("{FAE04EC0-301F-11D3-BF4B-00C04F79EFBC}") = "Fundo.Domain.Tests", "Fundo.Domain.Tests\Fundo.Domain.Tests.csproj", "{6012E85B-88FA-4912-B999-41F043FC2B89}"
EndProject
Project("{FAE04EC0-301F-11D3-BF4B-00C04F79EFBC}") = "Fundo.Applications.WebApi.Tests", "Fundo.Applications.WebApi.Tests\Fundo.Applications.WebApi.Tests.csproj", "{A060586B-0F9D-4799-99B6-C38612F58993}"
EndProject
Project("{FAE04EC0-301F-11D3-BF4B-00C04F79EFBC}") = "Fundo.Infrastructure.Tests", "Fundo.Infrastructure.Tests\Fundo.Infrastructure.Tests.csproj", "{5BCCDB6C-70E3-414D-A40D-1976D40790D5}"
EndProject
Global
	GlobalSection(SolutionConfigurationPlatforms) = preSolution
		Debug|Any CPU = Debug|Any CPU
		Debug|x64 = Debug|x64
		Debug|x86 = Debug|x86
		Release|Any CPU = Release|Any CPU
		Release|x64 = Release|x64
		Release|x86 = Release|x86
	EndGlobalSection
	GlobalSection(ProjectConfigurationPlatforms) = postSolution
		{74E9501B-3D70-4E87-8D1D-874F54DBF3F7}.Debug|Any CPU.ActiveCfg = Debug|Any CPU
		{74E9501B-3D70-4E87-8D1D-874F54DBF3F7}.Debug|Any CPU.Build.0 = Debug|Any CPU
		{74E9501B-3D70-4E87-8D1D-874F54DBF3F7}.Debug|x64.ActiveCfg = Debug|Any CPU
		{74E9501B-3D70-4E87-8D1D-874F54DBF3F7}.Debug|x64.Build.0 = Debug|Any CPU
		{74E9501B-3D70-4E87-8D1D-874F54DBF3F7}.Debug|x86.ActiveCfg = Debug|Any CPU
		{74E9501B-3D70-4E87-8D1D-874F54DBF3F7}.Debug|x86.Build.0 = Debug|Any CPU
		{74E9501B-3D70-4E87-8D1D-874F54DBF3F7}.Release|Any CPU.ActiveCfg = Release|Any CPU
		{74E9501B-3D70-4E87-8D1D-874F54DBF3F7}.Release|Any CPU.Build.0 = Release|Any CPU
		{74E9501B-3D70-4E87-8D1D-874F54DBF3F7}.Release|x64.ActiveCfg = Release|Any CPU
		{74E9501B-3D70-4E87-8D1D-874F54DBF3F7}.Release|x64.Build.0 = Release|Any CPU
		{74E9501B-3D70-4E87-8D1D-874F54DBF3F7}.Release|x86.ActiveCfg = Release|Any CPU
		{74E9501B-3D70-4E87-8D1D-874F54DBF3F7}.Release|x86.Build.0 = Release|Any CPU
		{5A0AA061-B091-46BC-B349-4EAE82DF0DA1}.Debug|Any CPU.ActiveCfg = Debug|Any CPU
		{5A0AA061-B091-46BC-B349-4EAE82DF0DA1}.Debug|Any CPU.Build.0 = Debug|Any CPU
		{5A0AA061-B091-46BC-B349-4EAE82DF0DA1}.Debug|x64.ActiveCfg = Debug|Any CPU
		{5A0AA061-B091-46BC-B349-4EAE82DF0DA1}.Debug|x64.Build.0 = Debug|Any CPU
		{5A0AA061-B091-46BC-B349-4EAE82DF0DA1}.Debug|x86.ActiveCfg = Debug|Any CPU
		{5A0AA061-B091-46BC-B349-4EAE82DF0DA1}.Debug|x86.Build.0 = Debug|Any CPU
		{5A0AA061-B091-46BC-B349-4EAE82DF0DA1}.Release|Any CPU.ActiveCfg = Release|Any CPU
		{5A0AA061-B091-46BC-B349-4EAE82DF0DA1}.Release|Any CPU.Build.0 = Release|Any CPU
		{5A0AA061-B091-46BC-B349-4EAE82DF0DA1}.Release|x64.ActiveCfg = Release|Any CPU
		{5A0AA061-B091-46BC-B349-4EAE82DF0DA1}.Release|x64.Build.0 = Release|Any CPU
		{5A0AA061-B091-46BC-B349-4EAE82DF0DA1}.Release|x86.ActiveCfg = Release|Any CPU
		{5A0AA061-B091-46BC-B349-4EAE82DF0DA1}.Release|x86.Build.0 = Release|Any CPU
		{AF228623-7DBE-4390-A283-EE69C5DFE963}.Debug|Any CPU.ActiveCfg = Debug|Any CPU
		{AF228623-7DBE-4390-A283-EE69C5DFE963}.Debug|Any CPU.Build.0 = Debug|Any CPU
		{AF228623-7DBE-4390-A283-EE69C5DFE963}.Debug|x64.ActiveCfg = Debug|Any CPU
		{AF228623-7DBE-4390-A283-EE69C5DFE963}.Debug|x64.Build.0 = Debug|Any CPU
		{AF228623-7DBE-4390-A283-EE69C5DFE963}.Debug|x86.ActiveCfg = Debug|Any CPU
		{AF228623-7DBE-4390-A283-EE69C5DFE963}.Debug|x86.Build.0 = Debug|Any CPU
		{AF228623-7DBE-4390-A283-EE69C5DFE963}.Release|Any CPU.ActiveCfg = Release|Any CPU
		{AF228623-7DBE-4390-A283-EE69C5DFE963}.Release|Any CPU.Build.0 = Release|Any CPU
		{AF228623-7DBE-4390-A283-EE69C5DFE963}.Release|x64.ActiveCfg = Release|Any CPU
		{AF228623-7DBE-4390-A283-EE69C5DFE963}.Release|x64.Build.0 = Release|Any CPU
		{AF228623-7DBE-4390-A283-EE69C5DFE963}.Release|x86.ActiveCfg = Release|Any CPU
		{AF228623-7DBE-4390-A283-EE69C5DFE963}.Release|x86.Build.0 = Release|Any CPU
		{06B8FECA-CAB7-46B4-8D00-44DAF0F095B3}.Debug|Any CPU.ActiveCfg = Debug|Any CPU
		{06B8FECA-CAB7-46B4-8D00-44DAF0F095B3}.Debug|Any CPU.Build.0 = Debug|Any CPU
		{06B8FECA-CAB7-46B4-8D00-44DAF0F095B3}.Debug|x64.ActiveCfg = Debug|Any CPU
		{06B8FECA-CAB7-46B4-8D00-44DAF0F095B3}.Debug|x64.Build.0 = Debug|Any CPU
		{06B8FECA-CAB7-46B4-8D00-44DAF0F095B3}.Debug|x86.ActiveCfg = Debug|Any CPU
		{06B8FECA-CAB7-46B4-8D00-44DAF0F095B3}.Debug|x86.Build.0 = Debug|Any CPU
		{06B8FECA-CAB7-46B4-8D00-44DAF0F095B3}.Release|Any CPU.ActiveCfg = Release|Any CPU
		{06B8FECA-CAB7-46B4-8D00-44DAF0F095B3}.Release|Any CPU.Build.0 = Release|Any CPU
		{06B8FECA-CAB7-46B4-8D00-44DAF0F095B3}.Release|x64.ActiveCfg = Release|Any CPU
		{06B8FECA-CAB7-46B4-8D00-44DAF0F095B3}.Release|x64.Build.0 = Release|Any CPU
		{06B8FECA-CAB7-46B4-8D00-44DAF0F095B3}.Release|x86.ActiveCfg = Release|Any CPU
		{06B8FECA-CAB7-46B4-8D00-44DAF0F095B3}.Release|x86.Build.0 = Release|Any CPU
		{6012E85B-88FA-4912-B999-41F043FC2B89}.Debug|Any CPU.ActiveCfg = Debug|Any CPU
		{6012E85B-88FA-4912-B999-41F043FC2B89}.Debug|Any CPU.Build.0 = Debug|Any CPU
		{6012E85B-88FA-4912-B999-41F043FC2B89}.Debug|x64.ActiveCfg = Debug|Any CPU
		{6012E85B-88FA-4912-B999-41F043FC2B89}.Debug|x64.Build.0 = Debug|Any CPU
		{6012E85B-88FA-4912-B999-41F043FC2B89}.Debug|x86.ActiveCfg = Debug|Any CPU
		{6012E85B-88FA-4912-B999-41F043FC2B89}.Debug|x86.Build.0 = Debug|Any CPU
		{6012E85B-88FA-4912-B999-41F043FC2B89}.Release|Any CPU.ActiveCfg = Release|Any CPU
		{6012E85B-88FA-4912-B999-41F043FC2B89}.Release|Any CPU.Build.0 = Release|Any CPU
		{6012E85B-88FA-4912-B999-41F043FC2B89}.Release|x64.ActiveCfg = Release|Any CPU
		{6012E85B-88FA-4912-B999-41F043FC2B89}.Release|x64.Build.0 = Release|Any CPU
		{6012E85B-88FA-4912-B999-41F043FC2B89}.Release|x86.ActiveCfg = Release|Any CPU
		{6012E85B-88FA-4912-B999-41F043FC2B89}.Release|x86.Build.0 = Release|Any CPU
		{A060586B-0F9D-4799-99B6-C38612F58993}.Debug|Any CPU.ActiveCfg = Debug|Any CPU
		{A060586B-0F9D-4799-99B6-C38612F58993}.Debug|Any CPU.Build.0 = Debug|Any CPU
		{A060586B-0F9D-4799-99B6-C38612F58993}.Debug|x64.ActiveCfg = Debug|Any CPU
		{A060586B-0F9D-4799-99B6-C38612F58993}.Debug|x64.Build.0 = Debug|Any CPU
		{A060586B-0F9D-4799-99B6-C38612F58993}.Debug|x86.ActiveCfg = Debug|Any CPU
		{A060586B-0F9D-4799-99B6-C38612F58993}.Debug|x86.Build.0 = Debug|Any CPU
		{A060586B-0F9D-4799-99B6-C38612F58993}.Release|Any CPU.ActiveCfg = Release|Any CPU
		{A060586B-0F9D-4799-99B6-C38612F58993}.Release|Any CPU.Build.0 = Release|Any CPU
		{A060586B-0F9D-4799-99B6-C38612F58993}.Release|x64.ActiveCfg = Release|Any CPU
		{A060586B-0F9D-4799-99B6-C38612F58993}.Release|x64.Build.0 = Release|Any CPU
		{A060586B-0F9D-4799-99B6-C38612F58993}.Release|x86.ActiveCfg = Release|Any CPU
		{A060586B-0F9D-4799-99B6-C38612F58993}.Release|x86.Build.0 = Release|Any CPU
		{5BCCDB6C-70E3-414D-A40D-1976D40790D5}.Debug|Any CPU.ActiveCfg = Debug|Any CPU
		{5BCCDB6C-70E3-414D-A40D-1976D40790D5}.Debug|Any CPU.Build.0 = Debug|Any CPU
		{5BCCDB6C-70E3-414D-A40D-1976D40790D5}.Debug|x64.ActiveCfg = Debug|Any CPU
		{5BCCDB6C-70E3-414D-A40D-1976D40790D5}.Debug|x64.Build.0 = Debug|Any CPU
		{5BCCDB6C-70E3-414D-A40D-1976D40790D5}.Debug|x86.ActiveCfg = Debug|Any CPU
		{5BCCDB6C-70E3-414D-A40D-1976D40790D5}.Debug|x86.Build.0 = Debug|Any CPU
		{5BCCDB6C-70E3-414D-A40D-1976D40790D5}.Release|Any CPU.ActiveCfg = Release|Any CPU
		{5BCCDB6C-70E3-414D-A40D-1976D40790D5}.Release|Any CPU.Build.0 = Release|Any CPU
		{5BCCDB6C-70E3-414D-A40D-1976D40790D5}.Release|x64.ActiveCfg = Release|Any CPU
		{5BCCDB6C-70E3-414D-A40D-1976D40790D5}.Release|x64.Build.0 = Release|Any CPU
		{5BCCDB6C-70E3-414D-A40D-1976D40790D5}.Release|x86.ActiveCfg = Release|Any CPU
		{5BCCDB6C-70E3-414D-A40D-1976D40790D5}.Release|x86.Build.0 = Release|Any CPU
	EndGlobalSection
	GlobalSection(SolutionProperties) = preSolution
		HideSolutionNode = FALSE
	EndGlobalSection
EndGlobal
